// !$*UTF8*$!
{
	archiveVersion = 1;
	classes = {
	};
	objectVersion = 56;
	objects = {

/* Begin PBXBuildFile section */
		C44AA9E529D4C4FC004DF699 /* AppDelegate.swift in Sources */ = {isa = PBXBuildFile; fileRef = C44AA9E429D4C4FC004DF699 /* AppDelegate.swift */; };
		C44AA9E729D4C4FC004DF699 /* SceneDelegate.swift in Sources */ = {isa = PBXBuildFile; fileRef = C44AA9E629D4C4FC004DF699 /* SceneDelegate.swift */; };
		C44AA9E929D4C4FC004DF699 /* RMTabViewController.swift in Sources */ = {isa = PBXBuildFile; fileRef = C44AA9E829D4C4FC004DF699 /* RMTabViewController.swift */; };
		C44AA9EE29D4C4FE004DF699 /* Assets.xcassets in Resources */ = {isa = PBXBuildFile; fileRef = C44AA9ED29D4C4FE004DF699 /* Assets.xcassets */; };
		C44AA9F129D4C4FE004DF699 /* LaunchScreen.storyboard in Resources */ = {isa = PBXBuildFile; fileRef = C44AA9EF29D4C4FE004DF699 /* LaunchScreen.storyboard */; };
		C44AAA0229D4C9B4004DF699 /* RMLocation.swift in Sources */ = {isa = PBXBuildFile; fileRef = C44AAA0129D4C9B4004DF699 /* RMLocation.swift */; };
		C44AAA0529D4C9E5004DF699 /* RMCharacter.swift in Sources */ = {isa = PBXBuildFile; fileRef = C44AAA0429D4C9E5004DF699 /* RMCharacter.swift */; };
		C44AAA0729D4C9FB004DF699 /* RMEpisode.swift in Sources */ = {isa = PBXBuildFile; fileRef = C44AAA0629D4C9FB004DF699 /* RMEpisode.swift */; };
		C44AAA0929D4CB1F004DF699 /* RMCharacterViewController.swift in Sources */ = {isa = PBXBuildFile; fileRef = C44AAA0829D4CB1F004DF699 /* RMCharacterViewController.swift */; };
		C44AAA0C29D4CB5F004DF699 /* RMEpisodeViewController.swift in Sources */ = {isa = PBXBuildFile; fileRef = C44AAA0B29D4CB5F004DF699 /* RMEpisodeViewController.swift */; };
		C44AAA0E29D4CB7C004DF699 /* RMSettingsViewController.swift in Sources */ = {isa = PBXBuildFile; fileRef = C44AAA0D29D4CB7C004DF699 /* RMSettingsViewController.swift */; };
		C44AAA1229D4CBB2004DF699 /* RMLocationViewController.swift in Sources */ = {isa = PBXBuildFile; fileRef = C44AAA1129D4CBB2004DF699 /* RMLocationViewController.swift */; };
		C44AAA1429D62D5A004DF699 /* RMService.swift in Sources */ = {isa = PBXBuildFile; fileRef = C44AAA1329D62D5A004DF699 /* RMService.swift */; };
		C44AAA1629D62D81004DF699 /* RMRequest.swift in Sources */ = {isa = PBXBuildFile; fileRef = C44AAA1529D62D81004DF699 /* RMRequest.swift */; };
		C44AAA1829D62E4C004DF699 /* RMEndpoint.swift in Sources */ = {isa = PBXBuildFile; fileRef = C44AAA1729D62E4C004DF699 /* RMEndpoint.swift */; };
		C44AAA1A29D63212004DF699 /* RMOrigin.swift in Sources */ = {isa = PBXBuildFile; fileRef = C44AAA1929D63212004DF699 /* RMOrigin.swift */; };
		C44AAA1E29D632F3004DF699 /* RMSingleLocation.swift in Sources */ = {isa = PBXBuildFile; fileRef = C44AAA1D29D632F3004DF699 /* RMSingleLocation.swift */; };
		C44AAA2029D633E9004DF699 /* RMCharacterStatus.swift in Sources */ = {isa = PBXBuildFile; fileRef = C44AAA1F29D633E9004DF699 /* RMCharacterStatus.swift */; };
		C44AAA2329D6342F004DF699 /* RMCharacterGender.swift in Sources */ = {isa = PBXBuildFile; fileRef = C44AAA2229D6342F004DF699 /* RMCharacterGender.swift */; };
/* End PBXBuildFile section */

/* Begin PBXFileReference section */
		C44AA9E129D4C4FC004DF699 /* RickAndMorty.app */ = {isa = PBXFileReference; explicitFileType = wrapper.application; includeInIndex = 0; path = RickAndMorty.app; sourceTree = BUILT_PRODUCTS_DIR; };
		C44AA9E429D4C4FC004DF699 /* AppDelegate.swift */ = {isa = PBXFileReference; lastKnownFileType = sourcecode.swift; path = AppDelegate.swift; sourceTree = "<group>"; };
		C44AA9E629D4C4FC004DF699 /* SceneDelegate.swift */ = {isa = PBXFileReference; lastKnownFileType = sourcecode.swift; path = SceneDelegate.swift; sourceTree = "<group>"; };
		C44AA9E829D4C4FC004DF699 /* RMTabViewController.swift */ = {isa = PBXFileReference; lastKnownFileType = sourcecode.swift; path = RMTabViewController.swift; sourceTree = "<group>"; };
		C44AA9ED29D4C4FE004DF699 /* Assets.xcassets */ = {isa = PBXFileReference; lastKnownFileType = folder.assetcatalog; path = Assets.xcassets; sourceTree = "<group>"; };
		C44AA9F029D4C4FE004DF699 /* Base */ = {isa = PBXFileReference; lastKnownFileType = file.storyboard; name = Base; path = Base.lproj/LaunchScreen.storyboard; sourceTree = "<group>"; };
		C44AA9F229D4C4FE004DF699 /* Info.plist */ = {isa = PBXFileReference; lastKnownFileType = text.plist.xml; path = Info.plist; sourceTree = "<group>"; };
		C44AAA0129D4C9B4004DF699 /* RMLocation.swift */ = {isa = PBXFileReference; lastKnownFileType = sourcecode.swift; path = RMLocation.swift; sourceTree = "<group>"; };
		C44AAA0429D4C9E5004DF699 /* RMCharacter.swift */ = {isa = PBXFileReference; lastKnownFileType = sourcecode.swift; path = RMCharacter.swift; sourceTree = "<group>"; };
		C44AAA0629D4C9FB004DF699 /* RMEpisode.swift */ = {isa = PBXFileReference; lastKnownFileType = sourcecode.swift; path = RMEpisode.swift; sourceTree = "<group>"; };
		C44AAA0829D4CB1F004DF699 /* RMCharacterViewController.swift */ = {isa = PBXFileReference; lastKnownFileType = sourcecode.swift; path = RMCharacterViewController.swift; sourceTree = "<group>"; };
		C44AAA0B29D4CB5F004DF699 /* RMEpisodeViewController.swift */ = {isa = PBXFileReference; lastKnownFileType = sourcecode.swift; path = RMEpisodeViewController.swift; sourceTree = "<group>"; };
		C44AAA0D29D4CB7C004DF699 /* RMSettingsViewController.swift */ = {isa = PBXFileReference; lastKnownFileType = sourcecode.swift; path = RMSettingsViewController.swift; sourceTree = "<group>"; };
		C44AAA1129D4CBB2004DF699 /* RMLocationViewController.swift */ = {isa = PBXFileReference; lastKnownFileType = sourcecode.swift; path = RMLocationViewController.swift; sourceTree = "<group>"; };
		C44AAA1329D62D5A004DF699 /* RMService.swift */ = {isa = PBXFileReference; lastKnownFileType = sourcecode.swift; path = RMService.swift; sourceTree = "<group>"; };
		C44AAA1529D62D81004DF699 /* RMRequest.swift */ = {isa = PBXFileReference; lastKnownFileType = sourcecode.swift; path = RMRequest.swift; sourceTree = "<group>"; };
		C44AAA1729D62E4C004DF699 /* RMEndpoint.swift */ = {isa = PBXFileReference; lastKnownFileType = sourcecode.swift; path = RMEndpoint.swift; sourceTree = "<group>"; };
		C44AAA1929D63212004DF699 /* RMOrigin.swift */ = {isa = PBXFileReference; lastKnownFileType = sourcecode.swift; path = RMOrigin.swift; sourceTree = "<group>"; };
		C44AAA1D29D632F3004DF699 /* RMSingleLocation.swift */ = {isa = PBXFileReference; lastKnownFileType = sourcecode.swift; path = RMSingleLocation.swift; sourceTree = "<group>"; };
		C44AAA1F29D633E9004DF699 /* RMCharacterStatus.swift */ = {isa = PBXFileReference; lastKnownFileType = sourcecode.swift; path = RMCharacterStatus.swift; sourceTree = "<group>"; };
		C44AAA2229D6342F004DF699 /* RMCharacterGender.swift */ = {isa = PBXFileReference; lastKnownFileType = sourcecode.swift; path = RMCharacterGender.swift; sourceTree = "<group>"; };
/* End PBXFileReference section */

/* Begin PBXFrameworksBuildPhase section */
		C44AA9DE29D4C4FC004DF699 /* Frameworks */ = {
			isa = PBXFrameworksBuildPhase;
			buildActionMask = 2147483647;
			files = (
			);
			runOnlyForDeploymentPostprocessing = 0;
		};
/* End PBXFrameworksBuildPhase section */

/* Begin PBXGroup section */
		C44AA9D829D4C4FC004DF699 = {
			isa = PBXGroup;
			children = (
				C44AA9E329D4C4FC004DF699 /* RickAndMorty */,
				C44AA9E229D4C4FC004DF699 /* Products */,
			);
			sourceTree = "<group>";
		};
		C44AA9E229D4C4FC004DF699 /* Products */ = {
			isa = PBXGroup;
			children = (
				C44AA9E129D4C4FC004DF699 /* RickAndMorty.app */,
			);
			name = Products;
			sourceTree = "<group>";
		};
		C44AA9E329D4C4FC004DF699 /* RickAndMorty */ = {
			isa = PBXGroup;
			children = (
				C44AAA0029D4C8FD004DF699 /* Menagers */,
				C44AA9FF29D4C8E8004DF699 /* APIClient */,
				C44AA9FE29D4C8DE004DF699 /* Resources */,
				C44AA9FC29D4C851004DF699 /* ViewModels */,
				C44AA9FB29D4C835004DF699 /* Controllers */,
				C44AA9FA29D4C823004DF699 /* Models */,
				C44AA9F929D4C811004DF699 /* Views */,
				C44AA9F229D4C4FE004DF699 /* Info.plist */,
			);
			path = RickAndMorty;
			sourceTree = "<group>";
		};
		C44AA9F929D4C811004DF699 /* Views */ = {
			isa = PBXGroup;
			children = (
			);
			path = Views;
			sourceTree = "<group>";
		};
		C44AA9FA29D4C823004DF699 /* Models */ = {
			isa = PBXGroup;
			children = (
				C44AAA0129D4C9B4004DF699 /* RMLocation.swift */,
				C44AAA1D29D632F3004DF699 /* RMSingleLocation.swift */,
				C44AAA0429D4C9E5004DF699 /* RMCharacter.swift */,
				C44AAA0629D4C9FB004DF699 /* RMEpisode.swift */,
				C44AAA1929D63212004DF699 /* RMOrigin.swift */,
				C44AAA1F29D633E9004DF699 /* RMCharacterStatus.swift */,
				C44AAA2229D6342F004DF699 /* RMCharacterGender.swift */,
			);
			path = Models;
			sourceTree = "<group>";
		};
		C44AA9FB29D4C835004DF699 /* Controllers */ = {
			isa = PBXGroup;
			children = (
				C44AAA0A29D4CB26004DF699 /* Core */,
			);
			path = Controllers;
			sourceTree = "<group>";
		};
		C44AA9FC29D4C851004DF699 /* ViewModels */ = {
			isa = PBXGroup;
			children = (
			);
			path = ViewModels;
			sourceTree = "<group>";
		};
		C44AA9FE29D4C8DE004DF699 /* Resources */ = {
			isa = PBXGroup;
			children = (
				C44AA9E629D4C4FC004DF699 /* SceneDelegate.swift */,
				C44AA9ED29D4C4FE004DF699 /* Assets.xcassets */,
				C44AA9EF29D4C4FE004DF699 /* LaunchScreen.storyboard */,
				C44AA9E429D4C4FC004DF699 /* AppDelegate.swift */,
			);
			path = Resources;
			sourceTree = "<group>";
		};
		C44AA9FF29D4C8E8004DF699 /* APIClient */ = {
			isa = PBXGroup;
			children = (
				C44AAA1329D62D5A004DF699 /* RMService.swift */,
				C44AAA1529D62D81004DF699 /* RMRequest.swift */,
				C44AAA1729D62E4C004DF699 /* RMEndpoint.swift */,
			);
			path = APIClient;
			sourceTree = "<group>";
		};
		C44AAA0029D4C8FD004DF699 /* Menagers */ = {
			isa = PBXGroup;
			children = (
			);
			path = Menagers;
			sourceTree = "<group>";
		};
		C44AAA0A29D4CB26004DF699 /* Core */ = {
			isa = PBXGroup;
			children = (
				C44AAA0829D4CB1F004DF699 /* RMCharacterViewController.swift */,
				C44AA9E829D4C4FC004DF699 /* RMTabViewController.swift */,
				C44AAA0B29D4CB5F004DF699 /* RMEpisodeViewController.swift */,
				C44AAA0D29D4CB7C004DF699 /* RMSettingsViewController.swift */,
				C44AAA1129D4CBB2004DF699 /* RMLocationViewController.swift */,
			);
			path = Core;
			sourceTree = "<group>";
		};
/* End PBXGroup section */

/* Begin PBXNativeTarget section */
		C44AA9E029D4C4FC004DF699 /* RickAndMorty */ = {
			isa = PBXNativeTarget;
			buildConfigurationList = C44AA9F529D4C4FE004DF699 /* Build configuration list for PBXNativeTarget "RickAndMorty" */;
			buildPhases = (
				C44AA9DD29D4C4FC004DF699 /* Sources */,
				C44AA9DE29D4C4FC004DF699 /* Frameworks */,
				C44AA9DF29D4C4FC004DF699 /* Resources */,
			);
			buildRules = (
			);
			dependencies = (
			);
			name = RickAndMorty;
			productName = RickAndMorty;
			productReference = C44AA9E129D4C4FC004DF699 /* RickAndMorty.app */;
			productType = "com.apple.product-type.application";
		};
/* End PBXNativeTarget section */

/* Begin PBXProject section */
		C44AA9D929D4C4FC004DF699 /* Project object */ = {
			isa = PBXProject;
			attributes = {
				BuildIndependentTargetsInParallel = 1;
				LastSwiftUpdateCheck = 1420;
				LastUpgradeCheck = 1420;
				TargetAttributes = {
					C44AA9E029D4C4FC004DF699 = {
						CreatedOnToolsVersion = 14.2;
					};
				};
			};
			buildConfigurationList = C44AA9DC29D4C4FC004DF699 /* Build configuration list for PBXProject "RickAndMorty" */;
			compatibilityVersion = "Xcode 14.0";
			developmentRegion = en;
			hasScannedForEncodings = 0;
			knownRegions = (
				en,
				Base,
			);
			mainGroup = C44AA9D829D4C4FC004DF699;
			productRefGroup = C44AA9E229D4C4FC004DF699 /* Products */;
			projectDirPath = "";
			projectRoot = "";
			targets = (
				C44AA9E029D4C4FC004DF699 /* RickAndMorty */,
			);
		};
/* End PBXProject section */

/* Begin PBXResourcesBuildPhase section */
		C44AA9DF29D4C4FC004DF699 /* Resources */ = {
			isa = PBXResourcesBuildPhase;
			buildActionMask = 2147483647;
			files = (
				C44AA9F129D4C4FE004DF699 /* LaunchScreen.storyboard in Resources */,
				C44AA9EE29D4C4FE004DF699 /* Assets.xcassets in Resources */,
			);
			runOnlyForDeploymentPostprocessing = 0;
		};
/* End PBXResourcesBuildPhase section */

/* Begin PBXSourcesBuildPhase section */
		C44AA9DD29D4C4FC004DF699 /* Sources */ = {
			isa = PBXSourcesBuildPhase;
			buildActionMask = 2147483647;
			files = (
				C44AAA1A29D63212004DF699 /* RMOrigin.swift in Sources */,
				C44AAA1E29D632F3004DF699 /* RMSingleLocation.swift in Sources */,
				C44AAA2029D633E9004DF699 /* RMCharacterStatus.swift in Sources */,
				C44AAA2329D6342F004DF699 /* RMCharacterGender.swift in Sources */,
				C44AAA0E29D4CB7C004DF699 /* RMSettingsViewController.swift in Sources */,
				C44AAA0729D4C9FB004DF699 /* RMEpisode.swift in Sources */,
				C44AA9E929D4C4FC004DF699 /* RMTabViewController.swift in Sources */,
				C44AA9E529D4C4FC004DF699 /* AppDelegate.swift in Sources */,
				C44AA9E729D4C4FC004DF699 /* SceneDelegate.swift in Sources */,
				C44AAA0229D4C9B4004DF699 /* RMLocation.swift in Sources */,
				C44AAA1229D4CBB2004DF699 /* RMLocationViewController.swift in Sources */,
				C44AAA1429D62D5A004DF699 /* RMService.swift in Sources */,
				C44AAA0529D4C9E5004DF699 /* RMCharacter.swift in Sources */,
				C44AAA1829D62E4C004DF699 /* RMEndpoint.swift in Sources */,
				C44AAA0929D4CB1F004DF699 /* RMCharacterViewController.swift in Sources */,
				C44AAA1629D62D81004DF699 /* RMRequest.swift in Sources */,
				C44AAA0C29D4CB5F004DF699 /* RMEpisodeViewController.swift in Sources */,
			);
			runOnlyForDeploymentPostprocessing = 0;
		};
/* End PBXSourcesBuildPhase section */

/* Begin PBXVariantGroup section */
		C44AA9EF29D4C4FE004DF699 /* LaunchScreen.storyboard */ = {
			isa = PBXVariantGroup;
			children = (
				C44AA9F029D4C4FE004DF699 /* Base */,
			);
			name = LaunchScreen.storyboard;
			sourceTree = "<group>";
		};
/* End PBXVariantGroup section */

/* Begin XCBuildConfiguration section */
		C44AA9F329D4C4FE004DF699 /* Debug */ = {
			isa = XCBuildConfiguration;
			buildSettings = {
				ALWAYS_SEARCH_USER_PATHS = NO;
				CLANG_ANALYZER_NONNULL = YES;
				CLANG_ANALYZER_NUMBER_OBJECT_CONVERSION = YES_AGGRESSIVE;
				CLANG_CXX_LANGUAGE_STANDARD = "gnu++20";
				CLANG_ENABLE_MODULES = YES;
				CLANG_ENABLE_OBJC_ARC = YES;
				CLANG_ENABLE_OBJC_WEAK = YES;
				CLANG_WARN_BLOCK_CAPTURE_AUTORELEASING = YES;
				CLANG_WARN_BOOL_CONVERSION = YES;
				CLANG_WARN_COMMA = YES;
				CLANG_WARN_CONSTANT_CONVERSION = YES;
				CLANG_WARN_DEPRECATED_OBJC_IMPLEMENTATIONS = YES;
				CLANG_WARN_DIRECT_OBJC_ISA_USAGE = YES_ERROR;
				CLANG_WARN_DOCUMENTATION_COMMENTS = YES;
				CLANG_WARN_EMPTY_BODY = YES;
				CLANG_WARN_ENUM_CONVERSION = YES;
				CLANG_WARN_INFINITE_RECURSION = YES;
				CLANG_WARN_INT_CONVERSION = YES;
				CLANG_WARN_NON_LITERAL_NULL_CONVERSION = YES;
				CLANG_WARN_OBJC_IMPLICIT_RETAIN_SELF = YES;
				CLANG_WARN_OBJC_LITERAL_CONVERSION = YES;
				CLANG_WARN_OBJC_ROOT_CLASS = YES_ERROR;
				CLANG_WARN_QUOTED_INCLUDE_IN_FRAMEWORK_HEADER = YES;
				CLANG_WARN_RANGE_LOOP_ANALYSIS = YES;
				CLANG_WARN_STRICT_PROTOTYPES = YES;
				CLANG_WARN_SUSPICIOUS_MOVE = YES;
				CLANG_WARN_UNGUARDED_AVAILABILITY = YES_AGGRESSIVE;
				CLANG_WARN_UNREACHABLE_CODE = YES;
				CLANG_WARN__DUPLICATE_METHOD_MATCH = YES;
				COPY_PHASE_STRIP = NO;
				DEBUG_INFORMATION_FORMAT = dwarf;
				ENABLE_STRICT_OBJC_MSGSEND = YES;
				ENABLE_TESTABILITY = YES;
				GCC_C_LANGUAGE_STANDARD = gnu11;
				GCC_DYNAMIC_NO_PIC = NO;
				GCC_NO_COMMON_BLOCKS = YES;
				GCC_OPTIMIZATION_LEVEL = 0;
				GCC_PREPROCESSOR_DEFINITIONS = (
					"DEBUG=1",
					"$(inherited)",
				);
				GCC_WARN_64_TO_32_BIT_CONVERSION = YES;
				GCC_WARN_ABOUT_RETURN_TYPE = YES_ERROR;
				GCC_WARN_UNDECLARED_SELECTOR = YES;
				GCC_WARN_UNINITIALIZED_AUTOS = YES_AGGRESSIVE;
				GCC_WARN_UNUSED_FUNCTION = YES;
				GCC_WARN_UNUSED_VARIABLE = YES;
				IPHONEOS_DEPLOYMENT_TARGET = 16.2;
				MTL_ENABLE_DEBUG_INFO = INCLUDE_SOURCE;
				MTL_FAST_MATH = YES;
				ONLY_ACTIVE_ARCH = YES;
				SDKROOT = iphoneos;
				SWIFT_ACTIVE_COMPILATION_CONDITIONS = DEBUG;
				SWIFT_OPTIMIZATION_LEVEL = "-Onone";
			};
			name = Debug;
		};
		C44AA9F429D4C4FE004DF699 /* Release */ = {
			isa = XCBuildConfiguration;
			buildSettings = {
				ALWAYS_SEARCH_USER_PATHS = NO;
				CLANG_ANALYZER_NONNULL = YES;
				CLANG_ANALYZER_NUMBER_OBJECT_CONVERSION = YES_AGGRESSIVE;
				CLANG_CXX_LANGUAGE_STANDARD = "gnu++20";
				CLANG_ENABLE_MODULES = YES;
				CLANG_ENABLE_OBJC_ARC = YES;
				CLANG_ENABLE_OBJC_WEAK = YES;
				CLANG_WARN_BLOCK_CAPTURE_AUTORELEASING = YES;
				CLANG_WARN_BOOL_CONVERSION = YES;
				CLANG_WARN_COMMA = YES;
				CLANG_WARN_CONSTANT_CONVERSION = YES;
				CLANG_WARN_DEPRECATED_OBJC_IMPLEMENTATIONS = YES;
				CLANG_WARN_DIRECT_OBJC_ISA_USAGE = YES_ERROR;
				CLANG_WARN_DOCUMENTATION_COMMENTS = YES;
				CLANG_WARN_EMPTY_BODY = YES;
				CLANG_WARN_ENUM_CONVERSION = YES;
				CLANG_WARN_INFINITE_RECURSION = YES;
				CLANG_WARN_INT_CONVERSION = YES;
				CLANG_WARN_NON_LITERAL_NULL_CONVERSION = YES;
				CLANG_WARN_OBJC_IMPLICIT_RETAIN_SELF = YES;
				CLANG_WARN_OBJC_LITERAL_CONVERSION = YES;
				CLANG_WARN_OBJC_ROOT_CLASS = YES_ERROR;
				CLANG_WARN_QUOTED_INCLUDE_IN_FRAMEWORK_HEADER = YES;
				CLANG_WARN_RANGE_LOOP_ANALYSIS = YES;
				CLANG_WARN_STRICT_PROTOTYPES = YES;
				CLANG_WARN_SUSPICIOUS_MOVE = YES;
				CLANG_WARN_UNGUARDED_AVAILABILITY = YES_AGGRESSIVE;
				CLANG_WARN_UNREACHABLE_CODE = YES;
				CLANG_WARN__DUPLICATE_METHOD_MATCH = YES;
				COPY_PHASE_STRIP = NO;
				DEBUG_INFORMATION_FORMAT = "dwarf-with-dsym";
				ENABLE_NS_ASSERTIONS = NO;
				ENABLE_STRICT_OBJC_MSGSEND = YES;
				GCC_C_LANGUAGE_STANDARD = gnu11;
				GCC_NO_COMMON_BLOCKS = YES;
				GCC_WARN_64_TO_32_BIT_CONVERSION = YES;
				GCC_WARN_ABOUT_RETURN_TYPE = YES_ERROR;
				GCC_WARN_UNDECLARED_SELECTOR = YES;
				GCC_WARN_UNINITIALIZED_AUTOS = YES_AGGRESSIVE;
				GCC_WARN_UNUSED_FUNCTION = YES;
				GCC_WARN_UNUSED_VARIABLE = YES;
				IPHONEOS_DEPLOYMENT_TARGET = 16.2;
				MTL_ENABLE_DEBUG_INFO = NO;
				MTL_FAST_MATH = YES;
				SDKROOT = iphoneos;
				SWIFT_COMPILATION_MODE = wholemodule;
				SWIFT_OPTIMIZATION_LEVEL = "-O";
				VALIDATE_PRODUCT = YES;
			};
			name = Release;
		};
		C44AA9F629D4C4FE004DF699 /* Debug */ = {
			isa = XCBuildConfiguration;
			buildSettings = {
				ASSETCATALOG_COMPILER_APPICON_NAME = AppIcon;
				ASSETCATALOG_COMPILER_GLOBAL_ACCENT_COLOR_NAME = AccentColor;
				CODE_SIGN_STYLE = Automatic;
				CURRENT_PROJECT_VERSION = 1;
				DEVELOPMENT_TEAM = LGXZZV68NK;
				GENERATE_INFOPLIST_FILE = YES;
				INFOPLIST_FILE = RickAndMorty/Info.plist;
				INFOPLIST_KEY_UIApplicationSupportsIndirectInputEvents = YES;
				INFOPLIST_KEY_UILaunchStoryboardName = LaunchScreen;
				INFOPLIST_KEY_UISupportedInterfaceOrientations_iPad = "UIInterfaceOrientationPortrait UIInterfaceOrientationPortraitUpsideDown UIInterfaceOrientationLandscapeLeft UIInterfaceOrientationLandscapeRight";
				INFOPLIST_KEY_UISupportedInterfaceOrientations_iPhone = "UIInterfaceOrientationPortrait UIInterfaceOrientationLandscapeLeft UIInterfaceOrientationLandscapeRight";
				LD_RUNPATH_SEARCH_PATHS = (
					"$(inherited)",
					"@executable_path/Frameworks",
				);
				MARKETING_VERSION = 1.0;
				PRODUCT_BUNDLE_IDENTIFIER = jordao.RickAndMorty;
				PRODUCT_NAME = "$(TARGET_NAME)";
				SWIFT_EMIT_LOC_STRINGS = YES;
				SWIFT_VERSION = 5.0;
				TARGETED_DEVICE_FAMILY = "1,2";
			};
			name = Debug;
		};
		C44AA9F729D4C4FE004DF699 /* Release */ = {
			isa = XCBuildConfiguration;
			buildSettings = {
				ASSETCATALOG_COMPILER_APPICON_NAME = AppIcon;
				ASSETCATALOG_COMPILER_GLOBAL_ACCENT_COLOR_NAME = AccentColor;
				CODE_SIGN_STYLE = Automatic;
				CURRENT_PROJECT_VERSION = 1;
				DEVELOPMENT_TEAM = LGXZZV68NK;
				GENERATE_INFOPLIST_FILE = YES;
				INFOPLIST_FILE = RickAndMorty/Info.plist;
				INFOPLIST_KEY_UIApplicationSupportsIndirectInputEvents = YES;
				INFOPLIST_KEY_UILaunchStoryboardName = LaunchScreen;
				INFOPLIST_KEY_UISupportedInterfaceOrientations_iPad = "UIInterfaceOrientationPortrait UIInterfaceOrientationPortraitUpsideDown UIInterfaceOrientationLandscapeLeft UIInterfaceOrientationLandscapeRight";
				INFOPLIST_KEY_UISupportedInterfaceOrientations_iPhone = "UIInterfaceOrientationPortrait UIInterfaceOrientationLandscapeLeft UIInterfaceOrientationLandscapeRight";
				LD_RUNPATH_SEARCH_PATHS = (
					"$(inherited)",
					"@executable_path/Frameworks",
				);
				MARKETING_VERSION = 1.0;
				PRODUCT_BUNDLE_IDENTIFIER = jordao.RickAndMorty;
				PRODUCT_NAME = "$(TARGET_NAME)";
				SWIFT_EMIT_LOC_STRINGS = YES;
				SWIFT_VERSION = 5.0;
				TARGETED_DEVICE_FAMILY = "1,2";
			};
			name = Release;
		};
/* End XCBuildConfiguration section */

/* Begin XCConfigurationList section */
		C44AA9DC29D4C4FC004DF699 /* Build configuration list for PBXProject "RickAndMorty" */ = {
			isa = XCConfigurationList;
			buildConfigurations = (
				C44AA9F329D4C4FE004DF699 /* Debug */,
				C44AA9F429D4C4FE004DF699 /* Release */,
			);
			defaultConfigurationIsVisible = 0;
			defaultConfigurationName = Release;
		};
		C44AA9F529D4C4FE004DF699 /* Build configuration list for PBXNativeTarget "RickAndMorty" */ = {
			isa = XCConfigurationList;
			buildConfigurations = (
				C44AA9F629D4C4FE004DF699 /* Debug */,
				C44AA9F729D4C4FE004DF699 /* Release */,
			);
			defaultConfigurationIsVisible = 0;
			defaultConfigurationName = Release;
		};
/* End XCConfigurationList section */
	};
	rootObject = C44AA9D929D4C4FC004DF699 /* Project object */;
}
